
Microsoft Visual Studio Solution File, Format Version 12.00
# Visual Studio Version 17
VisualStudioVersion = 17.11.35327.3
MinimumVisualStudioVersion = 10.0.40219.1
Project("{8BC9CEB8-8B4A-11D0-8D11-00A0C91BC942}") = "Compile", "Compile\Compile.vcxproj", "{E98979B3-FE95-45D0-A2CD-F529358E1374}"
EndProject
Global
	GlobalSection(SolutionConfigurationPlatforms) = preSolution
		Debug|x64 = Debug|x64
		Debug|x86 = Debug|x86
		Release|x64 = Release|x64
		Release|x86 = Release|x86
	EndGlobalSection
	GlobalSection(ProjectConfigurationPlatforms) = postSolution
		{E98979B3-FE95-45D0-A2CD-F529358E1374}.Debug|x64.ActiveCfg = Debug|x64
		{E98979B3-FE95-45D0-A2CD-F529358E1374}.Debug|x64.Build.0 = Debug|x64
		{E98979B3-FE95-45D0-A2CD-F529358E1374}.Debug|x86.ActiveCfg = Debug|Win32
		{E98979B3-FE95-45D0-A2CD-F529358E1374}.Debug|x86.Build.0 = Debug|Win32
		{E98979B3-FE95-45D0-A2CD-F529358E1374}.Release|x64.ActiveCfg = Release|x64
		{E98979B3-FE95-45D0-A2CD-F529358E1374}.Release|x64.Build.0 = Release|x64
		{E98979B3-FE95-45D0-A2CD-F529358E1374}.Release|x86.ActiveCfg = Release|Win32
		{E98979B3-FE95-45D0-A2CD-F529358E1374}.Release|x86.Build.0 = Release|Win32
	EndGlobalSection
	GlobalSection(SolutionProperties) = preSolution
		HideSolutionNode = FALSE
	EndGlobalSection
	GlobalSection(ExtensibilityGlobals) = postSolution
		SolutionGuid = {F53793FE-552D-4EF7-9475-27C8D7EA3C48}
	EndGlobalSection
EndGlobal
